github.com/allisson/go-assert v0.1.1 h1:4DdHig8GuMsH39WlzUcANs3GshZFU3Q3u/0dnLb9UrM=
github.com/allisson/go-assert v0.1.1/go.mod h1:8Wn5ewj+IJHWp1pjLTOD//T1ryfFyHVmJreugvqlVYc=
github.com/opentogo/logger v0.2.0 h1:XIsLnXzlFa8dPn1kZsE/miqugRp+n7SF/Njq9/WJDWQ=
github.com/opentogo/logger v0.2.0/go.mod h1:8BYaMvyBkXZjE9kbh0PgvXlX6wQtCdjWr/pXsMWHPB0=
github.com/opentogo/middlewares v0.2.0 h1:qyH6x4KWOP7THVQCoo2vVEHxzcMXqSOysHzgqndo2d4=
github.com/opentogo/middlewares v0.2.0/go.mod h1:5Wr74rqjKlvn4zqZQAtdgsFS6Cpsj7anB2jpe760A/A=
github.com/opentogo/router v0.3.0 h1:JsgWbqOhQfR4tIvsE2zKaPGCwii1pMtobzoW8jc0/Co=
github.com/opentogo/router v0.3.0/go.mod h1:ggbbBPsebvftynAFJmAeLwxpneoKg6gYINZghwsy8+M=
